
Microsoft Visual Studio Solution File, Format Version 12.00
# Visual Studio Version 16
VisualStudioVersion = 16.0.30711.63
MinimumVisualStudioVersion = 10.0.40219.1
Project("{FAE04EC0-301F-11D3-BF4B-00C04F79EFBC}") = "NETF_GetKeyCode", "NETF_GetKeyCode\NETF_GetKeyCode.csproj", "{62FBD54D-C997-49BC-BC0F-E48F897203C8}"
EndProject
Global
	GlobalSection(SolutionConfigurationPlatforms) = preSolution
		Debug|Any CPU = Debug|Any CPU
		Release|Any CPU = Release|Any CPU
	EndGlobalSection
	GlobalSection(ProjectConfigurationPlatforms) = postSolution
		{62FBD54D-C997-49BC-BC0F-E48F897203C8}.Debug|Any CPU.ActiveCfg = Debug|Any CPU
		{62FBD54D-C997-49BC-BC0F-E48F897203C8}.Debug|Any CPU.Build.0 = Debug|Any CPU
		{62FBD54D-C997-49BC-BC0F-E48F897203C8}.Release|Any CPU.ActiveCfg = Release|Any CPU
		{62FBD54D-C997-49BC-BC0F-E48F897203C8}.Release|Any CPU.Build.0 = Release|Any CPU
	EndGlobalSection
	GlobalSection(SolutionProperties) = preSolution
		HideSolutionNode = FALSE
	EndGlobalSection
	GlobalSection(ExtensibilityGlobals) = postSolution
		SolutionGuid = {7951BC65-F651-43E7-B733-E5D814519751}
	EndGlobalSection
EndGlobal
